
Microsoft Visual Studio Solution File, Format Version 12.00
# Visual Studio Version 16
VisualStudioVersion = 16.0.33529.622
MinimumVisualStudioVersion = 10.0.40219.1
Project("{FAE04EC0-301F-11D3-BF4B-00C04F79EFBC}") = "Calculator", "Calculator.csproj", "{8DAA87FE-C6EA-432D-ABD6-B2FFCA9B6504}"
EndProject
Global
	GlobalSection(SolutionConfigurationPlatforms) = preSolution
		Debug|Any CPU = Debug|Any CPU
		Release|Any CPU = Release|Any CPU
	EndGlobalSection
	GlobalSection(ProjectConfigurationPlatforms) = postSolution
		{8DAA87FE-C6EA-432D-ABD6-B2FFCA9B6504}.Debug|Any CPU.ActiveCfg = Debug|Any CPU
		{8DAA87FE-C6EA-432D-ABD6-B2FFCA9B6504}.Debug|Any CPU.Build.0 = Debug|Any CPU
		{8DAA87FE-C6EA-432D-ABD6-B2FFCA9B6504}.Release|Any CPU.ActiveCfg = Release|Any CPU
		{8DAA87FE-C6EA-432D-ABD6-B2FFCA9B6504}.Release|Any CPU.Build.0 = Release|Any CPU
	EndGlobalSection
	GlobalSection(SolutionProperties) = preSolution
		HideSolutionNode = FALSE
	EndGlobalSection
	GlobalSection(ExtensibilityGlobals) = postSolution
		SolutionGuid = {80B2D1BF-33F5-4CE0-A3FE-3D24DAD7409F}
	EndGlobalSection
EndGlobal
